<?xml version="1.0" encoding="utf-8"?>
<Project ToolsVersion="4.0" xmlns="http://schemas.microsoft.com/developer/msbuild/2003">
  <ItemGroup>
    <Filter Include="Source Files">
      <UniqueIdentifier>{4FC737F1-C7A5-4376-A066-2A32D752A2FF}</UniqueIdentifier>
      <Extensions>cpp;c;cc;cxx;c++;cppm;ixx;def;odl;idl;hpj;bat;asm;asmx</Extensions>
    </Filter>
    <Filter Include="Header Files">
      <UniqueIdentifier>{93995380-89BD-4b04-88EB-625FBE52EBFB}</UniqueIdentifier>
      <Extensions>h;hh;hpp;hxx;h++;hm;inl;inc;ipp;xsd</Extensions>
    </Filter>
    <Filter Include="Resource Files">
      <UniqueIdentifier>{67DA6AB6-F800-4c08-8B7A-83BB121AAD01}</UniqueIdentifier>
      <Extensions>rc;ico;cur;bmp;dlg;rc2;rct;bin;rgs;gif;jpg;jpeg;jpe;resx;tiff;tif;png;wav;mfcribbon-ms</Extensions>
    </Filter>
  </ItemGroup>
  <ItemGroup>
    <ClInclude Include="MYDB.H">
      <Filter>Header Files</Filter>
    </ClInclude>
    <ClInclude Include="CommonDefs.h">
      <Filter>Header Files</Filter>
    </ClInclude>
    <ClInclude Include="WindowsTypes.h">
      <Filter>Header Files</Filter>
    </ClInclude>
    <ClInclude Include="CFile.h">
      <Filter>Header Files</Filter>
    </ClInclude>
    <ClInclude Include="CString.h">
      <Filter>Header Files</Filter>
    </ClInclude>
    <ClInclude Include="MYIO.H">
      <Filter>Header Files</Filter>
    </ClInclude>
    <ClInclude Include="utils.h">
      <Filter>Header Files</Filter>
    </ClInclude>
    <ClInclude Include="MYOBJ.H">
      <Filter>Header Files</Filter>
    </ClInclude>
    <ClInclude Include="ImageUtils.h">
      <Filter>Header Files</Filter>
    </ClInclude>
    <ClInclude Include="CImage.h">
      <Filter>Header Files</Filter>
    </ClInclude>
    <ClInclude Include="CNEWPALS.H">
      <Filter>Header Files</Filter>
    </ClInclude>
    <ClInclude Include="CArchive.h">
      <Filter>Header Files</Filter>
    </ClInclude>
    <ClInclude Include="CCELL.H">
      <Filter>Header Files</Filter>
    </ClInclude>
    <ClInclude Include="CLEVTBL.H">
      <Filter>Header Files</Filter>
    </ClInclude>
    <ClInclude Include="CLEVEL.H">
      <Filter>Header Files</Filter>
    </ClInclude>
    <ClInclude Include="CLEVELS.H">
      <Filter>Header Files</Filter>
    </ClInclude>
    <ClInclude Include="CMyImage.h">
      <Filter>Header Files</Filter>
    </ClInclude>
    <ClInclude Include="NSCALER.H">
      <Filter>Header Files</Filter>
    </ClInclude>
    <ClInclude Include="CFLOAT.H">
      <Filter>Header Files</Filter>
    </ClInclude>
    <ClInclude Include="geometry.h">
      <Filter>Header Files</Filter>
    </ClInclude>
    <ClInclude Include="MYJPEG.H">
      <Filter>Header Files</Filter>
    </ClInclude>
    <ClInclude Include="CAMERA.H">
      <Filter>Header Files</Filter>
    </ClInclude>
    <ClInclude Include="CLAYERS.H">
      <Filter>Header Files</Filter>
    </ClInclude>
    <ClInclude Include="CTime.h">
      <Filter>Header Files</Filter>
    </ClInclude>
    <ClInclude Include="RESOURCE.H">
      <Filter>Header Files</Filter>
    </ClInclude>
    <ClInclude Include="ResourceLoader.h">
      <Filter>Header Files</Filter>
    </ClInclude>
    <ClInclude Include="CSceneBase.h">
      <Filter>Header Files</Filter>
    </ClInclude>
  </ItemGroup>
  <ItemGroup>
    <ClCompile Include="MYDB.CPP">
      <Filter>Source Files</Filter>
    </ClCompile>
    <ClCompile Include="CommonDefs.cpp">
      <Filter>Source Files</Filter>
    </ClCompile>
    <ClCompile Include="CString.cpp">
      <Filter>Source Files</Filter>
    </ClCompile>
    <ClCompile Include="MYIO.CPP">
      <Filter>Source Files</Filter>
    </ClCompile>
    <ClCompile Include="utils.cpp">
      <Filter>Source Files</Filter>
    </ClCompile>
    <ClCompile Include="MYOBJ.CPP">
      <Filter>Source Files</Filter>
    </ClCompile>
    <ClCompile Include="ImageUtils.cpp">
      <Filter>Source Files</Filter>
    </ClCompile>
    <ClCompile Include="CImage.cpp">
      <Filter>Source Files</Filter>
    </ClCompile>
    <ClCompile Include="CNEWPALS.CPP">
      <Filter>Source Files</Filter>
    </ClCompile>
    <ClCompile Include="CArchive.cpp">
      <Filter>Source Files</Filter>
    </ClCompile>
    <ClCompile Include="CCELL.CPP">
      <Filter>Source Files</Filter>
    </ClCompile>
    <ClCompile Include="CLEVEL.CPP">
      <Filter>Source Files</Filter>
    </ClCompile>
    <ClCompile Include="CLEVELS.CPP">
      <Filter>Source Files</Filter>
    </ClCompile>
    <ClCompile Include="CMyImage.cpp">
      <Filter>Source Files</Filter>
    </ClCompile>
    <ClCompile Include="Nscaler.cpp">
      <Filter>Source Files</Filter>
    </ClCompile>
    <ClCompile Include="CFLOAT.CPP">
      <Filter>Source Files</Filter>
    </ClCompile>
    <ClCompile Include="geometry.cpp">
      <Filter>Source Files</Filter>
    </ClCompile>
    <ClCompile Include="MYJPEG.CPP">
      <Filter>Source Files</Filter>
    </ClCompile>
    <ClCompile Include="CAMERA.CPP">
      <Filter>Source Files</Filter>
    </ClCompile>
    <ClCompile Include="CLAYERS.CPP">
      <Filter>Source Files</Filter>
    </ClCompile>
    <ClCompile Include="CTime.cpp">
      <Filter>Source Files</Filter>
    </ClCompile>
    <ClCompile Include="CSceneBase.cpp">
      <Filter>Source Files</Filter>
    </ClCompile>
    <ClCompile Include="Blur.cpp">
      <Filter>Source Files</Filter>
    </ClCompile>
    <ClCompile Include="Fill.cpp">
      <Filter>Source Files</Filter>
    </ClCompile>
  </ItemGroup>
</Project>